Microsoft Visual Studio Solution File, Format Version 12.00
# Visual Studio Version 17
VisualStudioVersion = 17.0.31903.59
MinimumVisualStudioVersion = 10.0.40219.1
Project("{2150E333-8FDC-42A3-9474-1A3956D46DE8}") = "src", "src", "{A5F23231-E7AB-4B51-B72A-5464351CEE29}"
EndProject
Project("{2150E333-8FDC-42A3-9474-1A3956D46DE8}") = "root", "root", "{86785773-2DA2-43DC-952A-AF24D4740C69}"
	ProjectSection(SolutionItems) = preProject
		.editorconfig = .editorconfig
		.gitattributes = .gitattributes
		.gitignore = .gitignore
		Directory.Build.props = Directory.Build.props
		Directory.Packages.props = Directory.Packages.props
		global.json = global.json
		LICENSE = LICENSE
		README.md = README.md
		version.json = version.json
	EndProjectSection
EndProject
Project("{9A19103F-16F7-4668-BE54-9A1E7A4F7556}") = "Translate", "src\Translate\Translate.csproj", "{161774C6-E186-47AC-9C7F-BC7568725E47}"
EndProject
Project("{2150E333-8FDC-42A3-9474-1A3956D46DE8}") = ".github", ".github", "{50896D86-F815-4AB7-B33C-B989806A1503}"
EndProject
Project("{2150E333-8FDC-42A3-9474-1A3956D46DE8}") = "workflows", "workflows", "{048A1207-56E9-4C99-9299-21F7D1EBD164}"
	ProjectSection(SolutionItems) = preProject
		.github\workflows\translate-build.yaml = .github\workflows\translate-build.yaml
		.github\workflows\translate-publish.yaml = .github\workflows\translate-publish.yaml
		.github\workflows\_ci.yaml = .github\workflows\_ci.yaml
	EndProjectSection
EndProject
Project("{2150E333-8FDC-42A3-9474-1A3956D46DE8}") = "tests", "tests", "{1F537D1F-2DE3-4F35-821A-AC3EF4701BE6}"
EndProject
Project("{FAE04EC0-301F-11D3-BF4B-00C04F79EFBC}") = "Modules", "src\Modules\Modules.csproj", "{961DEF44-CA30-4E15-BFFC-E11F25870DCF}"
EndProject
Project("{9A19103F-16F7-4668-BE54-9A1E7A4F7556}") = "Translate.Tests", "tests\Translate.Tests\Translate.Tests.csproj", "{1B4BD654-0032-4E09-A0D8-7BFFF9E3AE38}"
EndProject
Global
	GlobalSection(SolutionConfigurationPlatforms) = preSolution
		Debug|Any CPU = Debug|Any CPU
		Release|Any CPU = Release|Any CPU
	EndGlobalSection
	GlobalSection(ProjectConfigurationPlatforms) = postSolution
		{161774C6-E186-47AC-9C7F-BC7568725E47}.Debug|Any CPU.ActiveCfg = Debug|Any CPU
		{161774C6-E186-47AC-9C7F-BC7568725E47}.Debug|Any CPU.Build.0 = Debug|Any CPU
		{161774C6-E186-47AC-9C7F-BC7568725E47}.Release|Any CPU.ActiveCfg = Release|Any CPU
		{161774C6-E186-47AC-9C7F-BC7568725E47}.Release|Any CPU.Build.0 = Release|Any CPU
		{961DEF44-CA30-4E15-BFFC-E11F25870DCF}.Debug|Any CPU.ActiveCfg = Debug|Any CPU
		{961DEF44-CA30-4E15-BFFC-E11F25870DCF}.Debug|Any CPU.Build.0 = Debug|Any CPU
		{961DEF44-CA30-4E15-BFFC-E11F25870DCF}.Release|Any CPU.ActiveCfg = Release|Any CPU
		{961DEF44-CA30-4E15-BFFC-E11F25870DCF}.Release|Any CPU.Build.0 = Release|Any CPU
		{1B4BD654-0032-4E09-A0D8-7BFFF9E3AE38}.Debug|Any CPU.ActiveCfg = Debug|Any CPU
		{1B4BD654-0032-4E09-A0D8-7BFFF9E3AE38}.Debug|Any CPU.Build.0 = Debug|Any CPU
		{1B4BD654-0032-4E09-A0D8-7BFFF9E3AE38}.Release|Any CPU.ActiveCfg = Release|Any CPU
		{1B4BD654-0032-4E09-A0D8-7BFFF9E3AE38}.Release|Any CPU.Build.0 = Release|Any CPU
	EndGlobalSection
	GlobalSection(SolutionProperties) = preSolution
		HideSolutionNode = FALSE
	EndGlobalSection
	GlobalSection(NestedProjects) = preSolution
		{161774C6-E186-47AC-9C7F-BC7568725E47} = {A5F23231-E7AB-4B51-B72A-5464351CEE29}
		{50896D86-F815-4AB7-B33C-B989806A1503} = {86785773-2DA2-43DC-952A-AF24D4740C69}
		{048A1207-56E9-4C99-9299-21F7D1EBD164} = {50896D86-F815-4AB7-B33C-B989806A1503}
		{961DEF44-CA30-4E15-BFFC-E11F25870DCF} = {A5F23231-E7AB-4B51-B72A-5464351CEE29}
		{1B4BD654-0032-4E09-A0D8-7BFFF9E3AE38} = {1F537D1F-2DE3-4F35-821A-AC3EF4701BE6}
	EndGlobalSection
	GlobalSection(ExtensibilityGlobals) = postSolution
		SolutionGuid = {201C2D68-0B9C-4F54-AD5A-0351C0A4082B}
	EndGlobalSection
EndGlobal
