Microsoft Visual Studio Solution File, Format Version 12.00
# Visual Studio Version 17
VisualStudioVersion = 17.0.31903.59
MinimumVisualStudioVersion = 10.0.40219.1
Project("{2150E333-8FDC-42A3-9474-1A3956D46DE8}") = "src", "src", "{A5F23231-E7AB-4B51-B72A-5464351CEE29}"
EndProject
Project("{2150E333-8FDC-42A3-9474-1A3956D46DE8}") = "root", "root", "{86785773-2DA2-43DC-952A-AF24D4740C69}"
	ProjectSection(SolutionItems) = preProject
		.editorconfig = .editorconfig
		.gitattributes = .gitattributes
		.gitignore = .gitignore
		Directory.Build.props = Directory.Build.props
		global.json = global.json
		LICENSE = LICENSE
		README.md = README.md
		version.json = version.json
	EndProjectSection
EndProject
Project("{9A19103F-16F7-4668-BE54-9A1E7A4F7556}") = "Translate", "src\Translate\Translate.csproj", "{161774C6-E186-47AC-9C7F-BC7568725E47}"
EndProject
Project("{2150E333-8FDC-42A3-9474-1A3956D46DE8}") = ".github", ".github", "{50896D86-F815-4AB7-B33C-B989806A1503}"
EndProject
Project("{2150E333-8FDC-42A3-9474-1A3956D46DE8}") = "workflows", "workflows", "{048A1207-56E9-4C99-9299-21F7D1EBD164}"
	ProjectSection(SolutionItems) = preProject
		.github\workflows\translate.yaml = .github\workflows\translate.yaml
	EndProjectSection
EndProject
Global
	GlobalSection(ExtensibilityGlobals) = postSolution
		SolutionGuid = {201C2D68-0B9C-4F54-AD5A-0351C0A4082B}
	EndGlobalSection
	GlobalSection(NestedProjects) = preSolution
		{048A1207-56E9-4C99-9299-21F7D1EBD164} = {50896D86-F815-4AB7-B33C-B989806A1503}
		{161774C6-E186-47AC-9C7F-BC7568725E47} = {A5F23231-E7AB-4B51-B72A-5464351CEE29}
		{50896D86-F815-4AB7-B33C-B989806A1503} = {86785773-2DA2-43DC-952A-AF24D4740C69}
	EndGlobalSection
	GlobalSection(ProjectConfigurationPlatforms) = postSolution
		{161774C6-E186-47AC-9C7F-BC7568725E47}.Debug|Any CPU.ActiveCfg = Debug|Any CPU
		{161774C6-E186-47AC-9C7F-BC7568725E47}.Debug|Any CPU.Build.0 = Debug|Any CPU
		{161774C6-E186-47AC-9C7F-BC7568725E47}.Release|Any CPU.ActiveCfg = Release|Any CPU
		{161774C6-E186-47AC-9C7F-BC7568725E47}.Release|Any CPU.Build.0 = Release|Any CPU
	EndGlobalSection
	GlobalSection(SolutionConfigurationPlatforms) = preSolution
		Debug|Any CPU = Debug|Any CPU
		Release|Any CPU = Release|Any CPU
	EndGlobalSection
	GlobalSection(SolutionProperties) = preSolution
		HideSolutionNode = FALSE
	EndGlobalSection
EndGlobal
}.Debug|Any CPU.ActiveCfg = Debug|Any CPU
		{3C74B88C-002C-467D-B848-32CA23981889}.Debug|Any CPU.Build.0 = Debug|Any CPU
		{3C74B88C-002C-467D-B848-32CA23981889}.Release|Any CPU.ActiveCfg = Release|Any CPU
		{3C74B88C-002C-467D-B848-32CA23981889}.Release|Any CPU.Build.0 = Release|Any CPU
	EndGlobalSection
	GlobalSection(SolutionConfigurationPlatforms) = preSolution
		Debug|Any CPU = Debug|Any CPU
		Release|Any CPU = Release|Any CPU
	EndGlobalSection
	GlobalSection(SolutionProperties) = preSolution
		HideSolutionNode = FALSE
	EndGlobalSection
EndGlobal
